
Microsoft Visual Studio Solution File, Format Version 12.00
# Visual Studio Version 16
VisualStudioVersion = 16.0.808.4
MinimumVisualStudioVersion = 10.0.40219.1
Project("{FAE04EC0-301F-11D3-BF4B-00C04F79EFBC}") = "Studentz", "Studentz\Studentz.csproj", "{B67F5103-8040-47BF-A899-4BE695FF166D}"
EndProject
Global
	GlobalSection(SolutionConfigurationPlatforms) = preSolution
		Debug|Any CPU = Debug|Any CPU
		Release|Any CPU = Release|Any CPU
	EndGlobalSection
	GlobalSection(ProjectConfigurationPlatforms) = postSolution
		{B67F5103-8040-47BF-A899-4BE695FF166D}.Debug|Any CPU.ActiveCfg = Debug|Any CPU
		{B67F5103-8040-47BF-A899-4BE695FF166D}.Debug|Any CPU.Build.0 = Debug|Any CPU
		{B67F5103-8040-47BF-A899-4BE695FF166D}.Release|Any CPU.ActiveCfg = Release|Any CPU
		{B67F5103-8040-47BF-A899-4BE695FF166D}.Release|Any CPU.Build.0 = Release|Any CPU
	EndGlobalSection
	GlobalSection(SolutionProperties) = preSolution
		HideSolutionNode = FALSE
	EndGlobalSection
	GlobalSection(ExtensibilityGlobals) = postSolution
		SolutionGuid = {1D287723-DC90-403C-AAA8-4288F95CAC32}
	EndGlobalSection
EndGlobal
